
Microsoft Visual Studio Solution File, Format Version 12.00
# Visual Studio Version 17
VisualStudioVersion = 17.5.33516.290
MinimumVisualStudioVersion = 10.0.40219.1
Project("{9A19103F-16F7-4668-BE54-9A1E7A4F7556}") = "ArcadeLib", "ArcadeLib\ArcadeLib.csproj", "{A08479E5-5D00-4C0B-B166-B6722A578C0F}"
EndProject
Project("{9A19103F-16F7-4668-BE54-9A1E7A4F7556}") = "LoginClient", "LoginClient\LoginClient.csproj", "{3700EB87-F268-4B22-856F-870A6B5173EB}"
EndProject
Project("{9A19103F-16F7-4668-BE54-9A1E7A4F7556}") = "RockPaperScissors", "RockPaperScissors\RockPaperScissors.csproj", "{0234E99E-A356-40B6-A770-5267D937B945}"
EndProject
Global
	GlobalSection(SolutionConfigurationPlatforms) = preSolution
		Debug|Any CPU = Debug|Any CPU
		Release|Any CPU = Release|Any CPU
	EndGlobalSection
	GlobalSection(ProjectConfigurationPlatforms) = postSolution
		{A08479E5-5D00-4C0B-B166-B6722A578C0F}.Debug|Any CPU.ActiveCfg = Debug|Any CPU
		{A08479E5-5D00-4C0B-B166-B6722A578C0F}.Debug|Any CPU.Build.0 = Debug|Any CPU
		{A08479E5-5D00-4C0B-B166-B6722A578C0F}.Release|Any CPU.ActiveCfg = Release|Any CPU
		{A08479E5-5D00-4C0B-B166-B6722A578C0F}.Release|Any CPU.Build.0 = Release|Any CPU
		{3700EB87-F268-4B22-856F-870A6B5173EB}.Debug|Any CPU.ActiveCfg = Debug|Any CPU
		{3700EB87-F268-4B22-856F-870A6B5173EB}.Debug|Any CPU.Build.0 = Debug|Any CPU
		{3700EB87-F268-4B22-856F-870A6B5173EB}.Release|Any CPU.ActiveCfg = Release|Any CPU
		{3700EB87-F268-4B22-856F-870A6B5173EB}.Release|Any CPU.Build.0 = Release|Any CPU
		{0234E99E-A356-40B6-A770-5267D937B945}.Debug|Any CPU.ActiveCfg = Debug|Any CPU
		{0234E99E-A356-40B6-A770-5267D937B945}.Debug|Any CPU.Build.0 = Debug|Any CPU
		{0234E99E-A356-40B6-A770-5267D937B945}.Release|Any CPU.ActiveCfg = Release|Any CPU
		{0234E99E-A356-40B6-A770-5267D937B945}.Release|Any CPU.Build.0 = Release|Any CPU
	EndGlobalSection
	GlobalSection(SolutionProperties) = preSolution
		HideSolutionNode = FALSE
	EndGlobalSection
	GlobalSection(ExtensibilityGlobals) = postSolution
		SolutionGuid = {C7D34E50-FCC1-4793-895E-E08B6EDB0378}
	EndGlobalSection
EndGlobal
